
Microsoft Visual Studio Solution File, Format Version 12.00
# Visual Studio Version 17
VisualStudioVersion = 17.1.32328.378
MinimumVisualStudioVersion = 10.0.40219.1
Project("{FAE04EC0-301F-11D3-BF4B-00C04F79EFBC}") = "ConsoleClient", "ConsoleClient\ConsoleClient.csproj", "{260F16DA-217C-4A04-A68C-AC8C6ABCE122}"
EndProject
Global
	GlobalSection(SolutionConfigurationPlatforms) = preSolution
		Debug|Any CPU = Debug|Any CPU
		Release|Any CPU = Release|Any CPU
	EndGlobalSection
	GlobalSection(ProjectConfigurationPlatforms) = postSolution
		{260F16DA-217C-4A04-A68C-AC8C6ABCE122}.Debug|Any CPU.ActiveCfg = Debug|Any CPU
		{260F16DA-217C-4A04-A68C-AC8C6ABCE122}.Debug|Any CPU.Build.0 = Debug|Any CPU
		{260F16DA-217C-4A04-A68C-AC8C6ABCE122}.Release|Any CPU.ActiveCfg = Release|Any CPU
		{260F16DA-217C-4A04-A68C-AC8C6ABCE122}.Release|Any CPU.Build.0 = Release|Any CPU
	EndGlobalSection
	GlobalSection(SolutionProperties) = preSolution
		HideSolutionNode = FALSE
	EndGlobalSection
	GlobalSection(ExtensibilityGlobals) = postSolution
		SolutionGuid = {5AF6EEE1-905D-4EF9-AB82-C478A6178289}
	EndGlobalSection
EndGlobal
